
Microsoft Visual Studio Solution File, Format Version 12.00
# Visual Studio 15
VisualStudioVersion = 15.0.28307.757
MinimumVisualStudioVersion = 10.0.40219.1
Project("{FAE04EC0-301F-11D3-BF4B-00C04F79EFBC}") = "0910_1", "0910_1\0910_1.csproj", "{4FFA8F96-1B96-4F7F-AC41-0F5D9FF1E483}"
EndProject
Global
	GlobalSection(SolutionConfigurationPlatforms) = preSolution
		Debug|Any CPU = Debug|Any CPU
		Release|Any CPU = Release|Any CPU
	EndGlobalSection
	GlobalSection(ProjectConfigurationPlatforms) = postSolution
		{4FFA8F96-1B96-4F7F-AC41-0F5D9FF1E483}.Debug|Any CPU.ActiveCfg = Debug|Any CPU
		{4FFA8F96-1B96-4F7F-AC41-0F5D9FF1E483}.Debug|Any CPU.Build.0 = Debug|Any CPU
		{4FFA8F96-1B96-4F7F-AC41-0F5D9FF1E483}.Release|Any CPU.ActiveCfg = Release|Any CPU
		{4FFA8F96-1B96-4F7F-AC41-0F5D9FF1E483}.Release|Any CPU.Build.0 = Release|Any CPU
	EndGlobalSection
	GlobalSection(SolutionProperties) = preSolution
		HideSolutionNode = FALSE
	EndGlobalSection
	GlobalSection(ExtensibilityGlobals) = postSolution
		SolutionGuid = {39583E93-16CD-4FFE-9275-0E9A0A82EAA5}
	EndGlobalSection
EndGlobal
